
Microsoft Visual Studio Solution File, Format Version 12.00
# Visual Studio Version 16
VisualStudioVersion = 16.0.29911.84
MinimumVisualStudioVersion = 10.0.40219.1
Project("{FAE04EC0-301F-11D3-BF4B-00C04F79EFBC}") = "DemoChapter5", "DemoChapter5.csproj", "{A052042E-D176-4D8D-BF1A-F133023A483F}"
EndProject
Global
	GlobalSection(SolutionConfigurationPlatforms) = preSolution
		Debug|Any CPU = Debug|Any CPU
		Release|Any CPU = Release|Any CPU
	EndGlobalSection
	GlobalSection(ProjectConfigurationPlatforms) = postSolution
		{A052042E-D176-4D8D-BF1A-F133023A483F}.Debug|Any CPU.ActiveCfg = Debug|Any CPU
		{A052042E-D176-4D8D-BF1A-F133023A483F}.Debug|Any CPU.Build.0 = Debug|Any CPU
		{A052042E-D176-4D8D-BF1A-F133023A483F}.Release|Any CPU.ActiveCfg = Release|Any CPU
		{A052042E-D176-4D8D-BF1A-F133023A483F}.Release|Any CPU.Build.0 = Release|Any CPU
	EndGlobalSection
	GlobalSection(SolutionProperties) = preSolution
		HideSolutionNode = FALSE
	EndGlobalSection
	GlobalSection(ExtensibilityGlobals) = postSolution
		SolutionGuid = {EF9F6B64-9A5A-4635-9B45-E0B7A8C6E9B2}
	EndGlobalSection
EndGlobal
